
Microsoft Visual Studio Solution File, Format Version 12.00
# Visual Studio Version 17
VisualStudioVersion = 17.5.002.0
MinimumVisualStudioVersion = 10.0.40219.1
Project("{9A19103F-16F7-4668-BE54-9A1E7A4F7556}") = "cart", "cart.csproj", "{9BA33F3F-8B6F-4468-83C4-5F21BAFE5DBC}"
EndProject
Global
	GlobalSection(SolutionConfigurationPlatforms) = preSolution
		Debug|Any CPU = Debug|Any CPU
		Release|Any CPU = Release|Any CPU
	EndGlobalSection
	GlobalSection(ProjectConfigurationPlatforms) = postSolution
		{9BA33F3F-8B6F-4468-83C4-5F21BAFE5DBC}.Debug|Any CPU.ActiveCfg = Debug|Any CPU
		{9BA33F3F-8B6F-4468-83C4-5F21BAFE5DBC}.Debug|Any CPU.Build.0 = Debug|Any CPU
		{9BA33F3F-8B6F-4468-83C4-5F21BAFE5DBC}.Release|Any CPU.ActiveCfg = Release|Any CPU
		{9BA33F3F-8B6F-4468-83C4-5F21BAFE5DBC}.Release|Any CPU.Build.0 = Release|Any CPU
	EndGlobalSection
	GlobalSection(SolutionProperties) = preSolution
		HideSolutionNode = FALSE
	EndGlobalSection
	GlobalSection(ExtensibilityGlobals) = postSolution
		SolutionGuid = {CB673F11-58B6-4888-8BAE-DAB97FB3870F}
	EndGlobalSection
EndGlobal
